
Microsoft Visual Studio Solution File, Format Version 12.00
# Visual Studio Version 17
VisualStudioVersion = 17.12.35514.174 d17.12
MinimumVisualStudioVersion = 10.0.40219.1
Project("{FAE04EC0-301F-11D3-BF4B-00C04F79EFBC}") = "CSharpy", "CSharpy.csproj", "{DDDD6AB0-27D9-45E1-867D-271C9220F383}"
EndProject
Global
	GlobalSection(SolutionConfigurationPlatforms) = preSolution
		Debug|Any CPU = Debug|Any CPU
		Release|Any CPU = Release|Any CPU
	EndGlobalSection
	GlobalSection(ProjectConfigurationPlatforms) = postSolution
		{DDDD6AB0-27D9-45E1-867D-271C9220F383}.Debug|Any CPU.ActiveCfg = Debug|Any CPU
		{DDDD6AB0-27D9-45E1-867D-271C9220F383}.Debug|Any CPU.Build.0 = Debug|Any CPU
		{DDDD6AB0-27D9-45E1-867D-271C9220F383}.Release|Any CPU.ActiveCfg = Release|Any CPU
		{DDDD6AB0-27D9-45E1-867D-271C9220F383}.Release|Any CPU.Build.0 = Release|Any CPU
	EndGlobalSection
	GlobalSection(SolutionProperties) = preSolution
		HideSolutionNode = FALSE
	EndGlobalSection
EndGlobal
